
Microsoft Visual Studio Solution File, Format Version 12.00
# Visual Studio Version 16
VisualStudioVersion = 16.0.31911.196
MinimumVisualStudioVersion = 10.0.40219.1
Project("{9A19103F-16F7-4668-BE54-9A1E7A4F7556}") = "SySIntegral.Core", "SySIntegral.Core\SySIntegral.Core.csproj", "{A4986BFE-4D96-4564-894A-74A919589323}"
EndProject
Project("{9A19103F-16F7-4668-BE54-9A1E7A4F7556}") = "SySIntegral.Web", "SySIntegral.Web\SySIntegral.Web.csproj", "{EE9131AD-8F5B-48E3-84F3-4FB39A4E0CF8}"
EndProject
Project("{9A19103F-16F7-4668-BE54-9A1E7A4F7556}") = "SySIntegral.Api", "SySIntegral.Api\SySIntegral.Api.csproj", "{E7A75C02-4CFA-4274-8EC6-9FAABAAF94FC}"
EndProject
Project("{9A19103F-16F7-4668-BE54-9A1E7A4F7556}") = "SySIntegral.Core.Test", "SySIntegral.Core.Test\SySIntegral.Core.Test.csproj", "{3D6C2FF0-918B-484C-BEE3-048F80DB8425}"
EndProject
Global
	GlobalSection(SolutionConfigurationPlatforms) = preSolution
		Debug|Any CPU = Debug|Any CPU
		Release|Any CPU = Release|Any CPU
	EndGlobalSection
	GlobalSection(ProjectConfigurationPlatforms) = postSolution
		{A4986BFE-4D96-4564-894A-74A919589323}.Debug|Any CPU.ActiveCfg = Debug|Any CPU
		{A4986BFE-4D96-4564-894A-74A919589323}.Debug|Any CPU.Build.0 = Debug|Any CPU
		{A4986BFE-4D96-4564-894A-74A919589323}.Release|Any CPU.ActiveCfg = Release|Any CPU
		{A4986BFE-4D96-4564-894A-74A919589323}.Release|Any CPU.Build.0 = Release|Any CPU
		{EE9131AD-8F5B-48E3-84F3-4FB39A4E0CF8}.Debug|Any CPU.ActiveCfg = Debug|Any CPU
		{EE9131AD-8F5B-48E3-84F3-4FB39A4E0CF8}.Debug|Any CPU.Build.0 = Debug|Any CPU
		{EE9131AD-8F5B-48E3-84F3-4FB39A4E0CF8}.Release|Any CPU.ActiveCfg = Release|Any CPU
		{EE9131AD-8F5B-48E3-84F3-4FB39A4E0CF8}.Release|Any CPU.Build.0 = Release|Any CPU
		{E7A75C02-4CFA-4274-8EC6-9FAABAAF94FC}.Debug|Any CPU.ActiveCfg = Debug|Any CPU
		{E7A75C02-4CFA-4274-8EC6-9FAABAAF94FC}.Debug|Any CPU.Build.0 = Debug|Any CPU
		{E7A75C02-4CFA-4274-8EC6-9FAABAAF94FC}.Release|Any CPU.ActiveCfg = Release|Any CPU
		{E7A75C02-4CFA-4274-8EC6-9FAABAAF94FC}.Release|Any CPU.Build.0 = Release|Any CPU
		{3D6C2FF0-918B-484C-BEE3-048F80DB8425}.Debug|Any CPU.ActiveCfg = Debug|Any CPU
		{3D6C2FF0-918B-484C-BEE3-048F80DB8425}.Debug|Any CPU.Build.0 = Debug|Any CPU
		{3D6C2FF0-918B-484C-BEE3-048F80DB8425}.Release|Any CPU.ActiveCfg = Release|Any CPU
		{3D6C2FF0-918B-484C-BEE3-048F80DB8425}.Release|Any CPU.Build.0 = Release|Any CPU
	EndGlobalSection
	GlobalSection(SolutionProperties) = preSolution
		HideSolutionNode = FALSE
	EndGlobalSection
	GlobalSection(ExtensibilityGlobals) = postSolution
		SolutionGuid = {FA877634-B9B9-4C14-B16C-C70E2E59C771}
	EndGlobalSection
EndGlobal
