
Microsoft Visual Studio Solution File, Format Version 12.00
# Visual Studio Version 16
VisualStudioVersion = 16.0.31911.196
MinimumVisualStudioVersion = 10.0.40219.1
Project("{9A19103F-16F7-4668-BE54-9A1E7A4F7556}") = "SySIntegral.Core", "SySIntegral.Core\SySIntegral.Core.csproj", "{A4986BFE-4D96-4564-894A-74A919589323}"
EndProject
Project("{9A19103F-16F7-4668-BE54-9A1E7A4F7556}") = "SySIntegral.Web", "SySIntegral.Web\SySIntegral.Web.csproj", "{EE9131AD-8F5B-48E3-84F3-4FB39A4E0CF8}"
EndProject
Project("{9A19103F-16F7-4668-BE54-9A1E7A4F7556}") = "SySIntegral.Core.Test", "SySIntegral.Core.Test\SySIntegral.Core.Test.csproj", "{3D6C2FF0-918B-484C-BEE3-048F80DB8425}"
EndProject
Project("{2150E333-8FDC-42A3-9474-1A3956D46DE8}") = "SQLScripts", "SQLScripts", "{38BC28DF-71D2-4DC9-93D1-0B326E30F339}"
	ProjectSection(SolutionItems) = preProject
		SQLScripts\2022040301_InitialSchema.sql = SQLScripts\2022040301_InitialSchema.sql
		SQLScripts\2022040302_InitialData.sql = SQLScripts\2022040302_InitialData.sql
		SQLScripts\2022040401_AddTransferTime.sql = SQLScripts\2022040401_AddTransferTime.sql
		SQLScripts\2022042301_AssetAndDeviceTables.sql = SQLScripts\2022042301_AssetAndDeviceTables.sql
		SQLScripts\2022053001_EggRegistryLinkToDevice.sql = SQLScripts\2022053001_EggRegistryLinkToDevice.sql
		SQLScripts\2022071701_DeviceSchemaUpdate.sql = SQLScripts\2022071701_DeviceSchemaUpdate.sql
		SQLScripts\2022071702_DeviceCounterSchema.sql = SQLScripts\2022071702_DeviceCounterSchema.sql
	EndProjectSection
EndProject
Project("{9A19103F-16F7-4668-BE54-9A1E7A4F7556}") = "SySIntegral.DataGenerator", "SySIntegral.DataGenerator\SySIntegral.DataGenerator.csproj", "{34A4F499-525E-4808-BEF8-ECAC48962504}"
EndProject
Global
	GlobalSection(SolutionConfigurationPlatforms) = preSolution
		Debug|Any CPU = Debug|Any CPU
		Release|Any CPU = Release|Any CPU
	EndGlobalSection
	GlobalSection(ProjectConfigurationPlatforms) = postSolution
		{A4986BFE-4D96-4564-894A-74A919589323}.Debug|Any CPU.ActiveCfg = Debug|Any CPU
		{A4986BFE-4D96-4564-894A-74A919589323}.Debug|Any CPU.Build.0 = Debug|Any CPU
		{A4986BFE-4D96-4564-894A-74A919589323}.Release|Any CPU.ActiveCfg = Release|Any CPU
		{A4986BFE-4D96-4564-894A-74A919589323}.Release|Any CPU.Build.0 = Release|Any CPU
		{EE9131AD-8F5B-48E3-84F3-4FB39A4E0CF8}.Debug|Any CPU.ActiveCfg = Debug|Any CPU
		{EE9131AD-8F5B-48E3-84F3-4FB39A4E0CF8}.Debug|Any CPU.Build.0 = Debug|Any CPU
		{EE9131AD-8F5B-48E3-84F3-4FB39A4E0CF8}.Release|Any CPU.ActiveCfg = Release|Any CPU
		{EE9131AD-8F5B-48E3-84F3-4FB39A4E0CF8}.Release|Any CPU.Build.0 = Release|Any CPU
		{3D6C2FF0-918B-484C-BEE3-048F80DB8425}.Debug|Any CPU.ActiveCfg = Debug|Any CPU
		{3D6C2FF0-918B-484C-BEE3-048F80DB8425}.Debug|Any CPU.Build.0 = Debug|Any CPU
		{3D6C2FF0-918B-484C-BEE3-048F80DB8425}.Release|Any CPU.ActiveCfg = Release|Any CPU
		{3D6C2FF0-918B-484C-BEE3-048F80DB8425}.Release|Any CPU.Build.0 = Release|Any CPU
		{34A4F499-525E-4808-BEF8-ECAC48962504}.Debug|Any CPU.ActiveCfg = Debug|Any CPU
		{34A4F499-525E-4808-BEF8-ECAC48962504}.Debug|Any CPU.Build.0 = Debug|Any CPU
		{34A4F499-525E-4808-BEF8-ECAC48962504}.Release|Any CPU.ActiveCfg = Release|Any CPU
		{34A4F499-525E-4808-BEF8-ECAC48962504}.Release|Any CPU.Build.0 = Release|Any CPU
	EndGlobalSection
	GlobalSection(SolutionProperties) = preSolution
		HideSolutionNode = FALSE
	EndGlobalSection
	GlobalSection(ExtensibilityGlobals) = postSolution
		SolutionGuid = {FA877634-B9B9-4C14-B16C-C70E2E59C771}
	EndGlobalSection
EndGlobal
